
Microsoft Visual Studio Solution File, Format Version 12.00
# Visual Studio Version 17
VisualStudioVersion = 17.1.32407.343
MinimumVisualStudioVersion = 10.0.40219.1
Project("{FAE04EC0-301F-11D3-BF4B-00C04F79EFBC}") = "TCOverloading", "TCOverloading\TCOverloading.csproj", "{690B1EFE-9157-4EF5-8E2B-2DFDFBA79275}"
EndProject
Global
	GlobalSection(SolutionConfigurationPlatforms) = preSolution
		Debug|Any CPU = Debug|Any CPU
		Release|Any CPU = Release|Any CPU
	EndGlobalSection
	GlobalSection(ProjectConfigurationPlatforms) = postSolution
		{690B1EFE-9157-4EF5-8E2B-2DFDFBA79275}.Debug|Any CPU.ActiveCfg = Debug|Any CPU
		{690B1EFE-9157-4EF5-8E2B-2DFDFBA79275}.Debug|Any CPU.Build.0 = Debug|Any CPU
		{690B1EFE-9157-4EF5-8E2B-2DFDFBA79275}.Release|Any CPU.ActiveCfg = Release|Any CPU
		{690B1EFE-9157-4EF5-8E2B-2DFDFBA79275}.Release|Any CPU.Build.0 = Release|Any CPU
	EndGlobalSection
	GlobalSection(SolutionProperties) = preSolution
		HideSolutionNode = FALSE
	EndGlobalSection
	GlobalSection(ExtensibilityGlobals) = postSolution
		SolutionGuid = {F0269108-8825-439A-A01E-F69804230ED7}
	EndGlobalSection
EndGlobal
